# This file is automatically @generated by Poetry 1.8.3 and should not be changed by hand.

[[package]]
name = "componentize-py"
version = "0.13.3"
description = "Tool to package Python applications as WebAssembly components"
optional = false
python-versions = "*"
files = [
    {file = "componentize_py-0.13.3-cp37-abi3-macosx_10_12_x86_64.whl", hash = "sha256:c924f67f0225bf6615d2f41900cbaeea58fe74fc9c7929feff2a6e442d77d5dd"},
    {file = "componentize_py-0.13.3-cp37-abi3-macosx_11_0_arm64.whl", hash = "sha256:bf7746d645f0708e2fc3b92573d77112510cb14c6492b47afef5cd4bc0b06cf7"},
    {file = "componentize_py-0.13.3-cp37-abi3-manylinux_2_28_aarch64.whl", hash = "sha256:e6c4c96c0e31ea562c4624106fa20ea995131b79e85f54d2140cd22b5cec28f1"},
    {file = "componentize_py-0.13.3-cp37-abi3-manylinux_2_28_x86_64.whl", hash = "sha256:0aa5b212e3f3d17732e6891f851b8845f8af678820e0a17ac0878a95302bbcd3"},
    {file = "componentize_py-0.13.3-cp37-abi3-win_amd64.whl", hash = "sha256:bdf0d34444fdc863cd16deee27f5b8a58c97f11684ba09621f9d31743608efe5"},
    {file = "componentize_py-0.13.3.tar.gz", hash = "sha256:17800d77848453d70026a8aacde299106fb5898101f43600424877cf05e924fc"},
]

[[package]]
name = "run-sdk"
version = "0.1.0"
description = ""
optional = false
python-versions = "^3.10"
files = []
develop = true

[package.source]
type = "directory"
url = "../../sdk/python"

[metadata]
lock-version = "2.0"
python-versions = "^3.10"
content-hash = "0bf914d7809b95e28c12bce3be6776bed2bcde3349a5310e852c5c36a76da28a"
